
Microsoft Visual Studio Solution File, Format Version 12.00
# Visual Studio Version 17
VisualStudioVersion = 17.14.36212.18
MinimumVisualStudioVersion = 10.0.40219.1
Project("{FAE04EC0-301F-11D3-BF4B-00C04F79EFBC}") = "ToDoList", "ToDoList\ToDoList.csproj", "{92D3E569-95E7-4906-8587-9FA36FA16462}"
EndProject
Project("{FAE04EC0-301F-11D3-BF4B-00C04F79EFBC}") = "TodoList.UnitTests", "TodoList.UnitTests\TodoList.UnitTests.csproj", "{D5943303-AA5E-409E-B9A3-B053728CDF78}"
EndProject
Global
	GlobalSection(SolutionConfigurationPlatforms) = preSolution
		Debug|Any CPU = Debug|Any CPU
		Release|Any CPU = Release|Any CPU
	EndGlobalSection
	GlobalSection(ProjectConfigurationPlatforms) = postSolution
		{92D3E569-95E7-4906-8587-9FA36FA16462}.Debug|Any CPU.ActiveCfg = Debug|Any CPU
		{92D3E569-95E7-4906-8587-9FA36FA16462}.Debug|Any CPU.Build.0 = Debug|Any CPU
		{92D3E569-95E7-4906-8587-9FA36FA16462}.Release|Any CPU.ActiveCfg = Release|Any CPU
		{92D3E569-95E7-4906-8587-9FA36FA16462}.Release|Any CPU.Build.0 = Release|Any CPU
		{D5943303-AA5E-409E-B9A3-B053728CDF78}.Debug|Any CPU.ActiveCfg = Debug|Any CPU
		{D5943303-AA5E-409E-B9A3-B053728CDF78}.Debug|Any CPU.Build.0 = Debug|Any CPU
		{D5943303-AA5E-409E-B9A3-B053728CDF78}.Release|Any CPU.ActiveCfg = Release|Any CPU
		{D5943303-AA5E-409E-B9A3-B053728CDF78}.Release|Any CPU.Build.0 = Release|Any CPU
	EndGlobalSection
	GlobalSection(SolutionProperties) = preSolution
		HideSolutionNode = FALSE
	EndGlobalSection
	GlobalSection(ExtensibilityGlobals) = postSolution
		SolutionGuid = {2C047E90-7ED8-40C6-BF40-DCC3732C0C12}
	EndGlobalSection
EndGlobal
